
Microsoft Visual Studio Solution File, Format Version 12.00
# Visual Studio 15
VisualStudioVersion = 15.0.26124.0
MinimumVisualStudioVersion = 15.0.26124.0
Project("{2150E333-8FDC-42A3-9474-1A3956D46DE8}") = "src", "src", "{2D6ED6D4-0E09-45F7-B076-A295E40BB43B}"
EndProject
Project("{FAE04EC0-301F-11D3-BF4B-00C04F79EFBC}") = "GradeBook", "src\GradeBook\GradeBook.csproj", "{2AD06146-DC48-4680-A616-5B1D9FAE72D9}"
EndProject
Project("{2150E333-8FDC-42A3-9474-1A3956D46DE8}") = "test", "test", "{AA51C929-4694-467F-8E22-E76342A09BF0}"
EndProject
Project("{FAE04EC0-301F-11D3-BF4B-00C04F79EFBC}") = "GradeBook.Tests", "test\GradeBook.Tests\GradeBook.Tests.csproj", "{49A5CCAD-790D-4361-993F-E6634CBB4E92}"
EndProject
Global
	GlobalSection(SolutionConfigurationPlatforms) = preSolution
		Debug|Any CPU = Debug|Any CPU
		Debug|x64 = Debug|x64
		Debug|x86 = Debug|x86
		Release|Any CPU = Release|Any CPU
		Release|x64 = Release|x64
		Release|x86 = Release|x86
	EndGlobalSection
	GlobalSection(SolutionProperties) = preSolution
		HideSolutionNode = FALSE
	EndGlobalSection
	GlobalSection(ProjectConfigurationPlatforms) = postSolution
		{2AD06146-DC48-4680-A616-5B1D9FAE72D9}.Debug|Any CPU.ActiveCfg = Debug|Any CPU
		{2AD06146-DC48-4680-A616-5B1D9FAE72D9}.Debug|Any CPU.Build.0 = Debug|Any CPU
		{2AD06146-DC48-4680-A616-5B1D9FAE72D9}.Debug|x64.ActiveCfg = Debug|Any CPU
		{2AD06146-DC48-4680-A616-5B1D9FAE72D9}.Debug|x64.Build.0 = Debug|Any CPU
		{2AD06146-DC48-4680-A616-5B1D9FAE72D9}.Debug|x86.ActiveCfg = Debug|Any CPU
		{2AD06146-DC48-4680-A616-5B1D9FAE72D9}.Debug|x86.Build.0 = Debug|Any CPU
		{2AD06146-DC48-4680-A616-5B1D9FAE72D9}.Release|Any CPU.ActiveCfg = Release|Any CPU
		{2AD06146-DC48-4680-A616-5B1D9FAE72D9}.Release|Any CPU.Build.0 = Release|Any CPU
		{2AD06146-DC48-4680-A616-5B1D9FAE72D9}.Release|x64.ActiveCfg = Release|Any CPU
		{2AD06146-DC48-4680-A616-5B1D9FAE72D9}.Release|x64.Build.0 = Release|Any CPU
		{2AD06146-DC48-4680-A616-5B1D9FAE72D9}.Release|x86.ActiveCfg = Release|Any CPU
		{2AD06146-DC48-4680-A616-5B1D9FAE72D9}.Release|x86.Build.0 = Release|Any CPU
		{49A5CCAD-790D-4361-993F-E6634CBB4E92}.Debug|Any CPU.ActiveCfg = Debug|Any CPU
		{49A5CCAD-790D-4361-993F-E6634CBB4E92}.Debug|Any CPU.Build.0 = Debug|Any CPU
		{49A5CCAD-790D-4361-993F-E6634CBB4E92}.Debug|x64.ActiveCfg = Debug|Any CPU
		{49A5CCAD-790D-4361-993F-E6634CBB4E92}.Debug|x64.Build.0 = Debug|Any CPU
		{49A5CCAD-790D-4361-993F-E6634CBB4E92}.Debug|x86.ActiveCfg = Debug|Any CPU
		{49A5CCAD-790D-4361-993F-E6634CBB4E92}.Debug|x86.Build.0 = Debug|Any CPU
		{49A5CCAD-790D-4361-993F-E6634CBB4E92}.Release|Any CPU.ActiveCfg = Release|Any CPU
		{49A5CCAD-790D-4361-993F-E6634CBB4E92}.Release|Any CPU.Build.0 = Release|Any CPU
		{49A5CCAD-790D-4361-993F-E6634CBB4E92}.Release|x64.ActiveCfg = Release|Any CPU
		{49A5CCAD-790D-4361-993F-E6634CBB4E92}.Release|x64.Build.0 = Release|Any CPU
		{49A5CCAD-790D-4361-993F-E6634CBB4E92}.Release|x86.ActiveCfg = Release|Any CPU
		{49A5CCAD-790D-4361-993F-E6634CBB4E92}.Release|x86.Build.0 = Release|Any CPU
	EndGlobalSection
	GlobalSection(NestedProjects) = preSolution
		{2AD06146-DC48-4680-A616-5B1D9FAE72D9} = {2D6ED6D4-0E09-45F7-B076-A295E40BB43B}
		{49A5CCAD-790D-4361-993F-E6634CBB4E92} = {AA51C929-4694-467F-8E22-E76342A09BF0}
	EndGlobalSection
EndGlobal
